// !$*UTF8*$!
{
	archiveVersion = 1;
	classes = {
	};
	objectVersion = 77;
	objects = {

/* Begin PBXBuildFile section */
		985DDA652EAD1E160043F608 /* Alamofire in Frameworks */ = {isa = PBXBuildFile; productRef = 985DDA642EAD1E160043F608 /* Alamofire */; };
		985DDA682EAD22E10043F608 /* SnapKit in Frameworks */ = {isa = PBXBuildFile; productRef = 985DDA672EAD22E10043F608 /* SnapKit */; };
		98A1B3632EAD0C2F00398667 /* Factory in Frameworks */ = {isa = PBXBuildFile; productRef = 98A1B3622EAD0C2F00398667 /* Factory */; };
/* End PBXBuildFile section */

/* Begin PBXContainerItemProxy section */
		98E4215F2EACEFEE00895A41 /* PBXContainerItemProxy */ = {
			isa = PBXContainerItemProxy;
			containerPortal = 98E421402EACEFEC00895A41 /* Project object */;
			proxyType = 1;
			remoteGlobalIDString = 98E421472EACEFEC00895A41;
			remoteInfo = cryptoCheck;
		};
		98E421692EACEFEE00895A41 /* PBXContainerItemProxy */ = {
			isa = PBXContainerItemProxy;
			containerPortal = 98E421402EACEFEC00895A41 /* Project object */;
			proxyType = 1;
			remoteGlobalIDString = 98E421472EACEFEC00895A41;
			remoteInfo = cryptoCheck;
		};
/* End PBXContainerItemProxy section */

/* Begin PBXFileReference section */
		98E421482EACEFEC00895A41 /* cryptoCheck.app */ = {isa = PBXFileReference; explicitFileType = wrapper.application; includeInIndex = 0; path = cryptoCheck.app; sourceTree = BUILT_PRODUCTS_DIR; };
		98E4215E2EACEFEE00895A41 /* cryptoCheckTests.xctest */ = {isa = PBXFileReference; explicitFileType = wrapper.cfbundle; includeInIndex = 0; path = cryptoCheckTests.xctest; sourceTree = BUILT_PRODUCTS_DIR; };
		98E421682EACEFEE00895A41 /* cryptoCheckUITests.xctest */ = {isa = PBXFileReference; explicitFileType = wrapper.cfbundle; includeInIndex = 0; path = cryptoCheckUITests.xctest; sourceTree = BUILT_PRODUCTS_DIR; };
/* End PBXFileReference section */

/* Begin PBXFileSystemSynchronizedBuildFileExceptionSet section */
		985DDA622EAD0F3C0043F608 /* Exceptions for "cryptoCheck" folder in "cryptoCheckTests" target */ = {
			isa = PBXFileSystemSynchronizedBuildFileExceptionSet;
			membershipExceptions = (
				"Extensions/String+Extensions.swift",
				Network/Websocket/Scheme.swift,
				Network/Websocket/WebSocketBody.swift,
				Network/Websocket/WebSocketManager.swift,
				Network/Websocket/WebSocketRequest.swift,
				Network/Websocket/WebSocketRequestMethod.swift,
				Shared/Protocols/ReachabilityMonitorHelperProtocol.swift,
				Shared/Protocols/WebSocketManagerProtocol.swift,
			);
			target = 98E4215D2EACEFEE00895A41 /* cryptoCheckTests */;
		};
		98E421702EACEFEE00895A41 /* Exceptions for "cryptoCheck" folder in "cryptoCheck" target */ = {
			isa = PBXFileSystemSynchronizedBuildFileExceptionSet;
			membershipExceptions = (
				Info.plist,
			);
			target = 98E421472EACEFEC00895A41 /* cryptoCheck */;
		};
/* End PBXFileSystemSynchronizedBuildFileExceptionSet section */

/* Begin PBXFileSystemSynchronizedRootGroup section */
		98E4214A2EACEFEC00895A41 /* cryptoCheck */ = {
			isa = PBXFileSystemSynchronizedRootGroup;
			exceptions = (
				98E421702EACEFEE00895A41 /* Exceptions for "cryptoCheck" folder in "cryptoCheck" target */,
				985DDA622EAD0F3C0043F608 /* Exceptions for "cryptoCheck" folder in "cryptoCheckTests" target */,
			);
			path = cryptoCheck;
			sourceTree = "<group>";
		};
		98E421612EACEFEE00895A41 /* cryptoCheckTests */ = {
			isa = PBXFileSystemSynchronizedRootGroup;
			path = cryptoCheckTests;
			sourceTree = "<group>";
		};
		98E4216B2EACEFEE00895A41 /* cryptoCheckUITests */ = {
			isa = PBXFileSystemSynchronizedRootGroup;
			path = cryptoCheckUITests;
			sourceTree = "<group>";
		};
/* End PBXFileSystemSynchronizedRootGroup section */

/* Begin PBXFrameworksBuildPhase section */
		98E421452EACEFEC00895A41 /* Frameworks */ = {
			isa = PBXFrameworksBuildPhase;
			buildActionMask = 2147483647;
			files = (
				985DDA682EAD22E10043F608 /* SnapKit in Frameworks */,
				98A1B3632EAD0C2F00398667 /* Factory in Frameworks */,
				985DDA652EAD1E160043F608 /* Alamofire in Frameworks */,
			);
			runOnlyForDeploymentPostprocessing = 0;
		};
		98E4215B2EACEFEE00895A41 /* Frameworks */ = {
			isa = PBXFrameworksBuildPhase;
			buildActionMask = 2147483647;
			files = (
			);
			runOnlyForDeploymentPostprocessing = 0;
		};
		98E421652EACEFEE00895A41 /* Frameworks */ = {
			isa = PBXFrameworksBuildPhase;
			buildActionMask = 2147483647;
			files = (
			);
			runOnlyForDeploymentPostprocessing = 0;
		};
/* End PBXFrameworksBuildPhase section */

/* Begin PBXGroup section */
		98E4213F2EACEFEC00895A41 = {
			isa = PBXGroup;
			children = (
				98E4214A2EACEFEC00895A41 /* cryptoCheck */,
				98E421612EACEFEE00895A41 /* cryptoCheckTests */,
				98E4216B2EACEFEE00895A41 /* cryptoCheckUITests */,
				98E421492EACEFEC00895A41 /* Products */,
			);
			sourceTree = "<group>";
		};
		98E421492EACEFEC00895A41 /* Products */ = {
			isa = PBXGroup;
			children = (
				98E421482EACEFEC00895A41 /* cryptoCheck.app */,
				98E4215E2EACEFEE00895A41 /* cryptoCheckTests.xctest */,
				98E421682EACEFEE00895A41 /* cryptoCheckUITests.xctest */,
			);
			name = Products;
			sourceTree = "<group>";
		};
/* End PBXGroup section */

/* Begin PBXNativeTarget section */
		98E421472EACEFEC00895A41 /* cryptoCheck */ = {
			isa = PBXNativeTarget;
			buildConfigurationList = 98E421712EACEFEE00895A41 /* Build configuration list for PBXNativeTarget "cryptoCheck" */;
			buildPhases = (
				98E421442EACEFEC00895A41 /* Sources */,
				98E421452EACEFEC00895A41 /* Frameworks */,
				98E421462EACEFEC00895A41 /* Resources */,
			);
			buildRules = (
			);
			dependencies = (
				98A1B3662EAD0C5A00398667 /* PBXTargetDependency */,
			);
			fileSystemSynchronizedGroups = (
				98E4214A2EACEFEC00895A41 /* cryptoCheck */,
			);
			name = cryptoCheck;
			packageProductDependencies = (
				98A1B3622EAD0C2F00398667 /* Factory */,
				985DDA642EAD1E160043F608 /* Alamofire */,
				985DDA672EAD22E10043F608 /* SnapKit */,
			);
			productName = cryptoCheck;
			productReference = 98E421482EACEFEC00895A41 /* cryptoCheck.app */;
			productType = "com.apple.product-type.application";
		};
		98E4215D2EACEFEE00895A41 /* cryptoCheckTests */ = {
			isa = PBXNativeTarget;
			buildConfigurationList = 98E421762EACEFEE00895A41 /* Build configuration list for PBXNativeTarget "cryptoCheckTests" */;
			buildPhases = (
				98E4215A2EACEFEE00895A41 /* Sources */,
				98E4215B2EACEFEE00895A41 /* Frameworks */,
				98E4215C2EACEFEE00895A41 /* Resources */,
			);
			buildRules = (
			);
			dependencies = (
				98E421602EACEFEE00895A41 /* PBXTargetDependency */,
			);
			fileSystemSynchronizedGroups = (
				98E421612EACEFEE00895A41 /* cryptoCheckTests */,
			);
			name = cryptoCheckTests;
			packageProductDependencies = (
			);
			productName = cryptoCheckTests;
			productReference = 98E4215E2EACEFEE00895A41 /* cryptoCheckTests.xctest */;
			productType = "com.apple.product-type.bundle.unit-test";
		};
		98E421672EACEFEE00895A41 /* cryptoCheckUITests */ = {
			isa = PBXNativeTarget;
			buildConfigurationList = 98E421792EACEFEE00895A41 /* Build configuration list for PBXNativeTarget "cryptoCheckUITests" */;
			buildPhases = (
				98E421642EACEFEE00895A41 /* Sources */,
				98E421652EACEFEE00895A41 /* Frameworks */,
				98E421662EACEFEE00895A41 /* Resources */,
			);
			buildRules = (
			);
			dependencies = (
				98E4216A2EACEFEE00895A41 /* PBXTargetDependency */,
			);
			fileSystemSynchronizedGroups = (
				98E4216B2EACEFEE00895A41 /* cryptoCheckUITests */,
			);
			name = cryptoCheckUITests;
			packageProductDependencies = (
			);
			productName = cryptoCheckUITests;
			productReference = 98E421682EACEFEE00895A41 /* cryptoCheckUITests.xctest */;
			productType = "com.apple.product-type.bundle.ui-testing";
		};
/* End PBXNativeTarget section */

/* Begin PBXProject section */
		98E421402EACEFEC00895A41 /* Project object */ = {
			isa = PBXProject;
			attributes = {
				BuildIndependentTargetsInParallel = 1;
				LastSwiftUpdateCheck = 1640;
				LastUpgradeCheck = 1640;
				TargetAttributes = {
					98E421472EACEFEC00895A41 = {
						CreatedOnToolsVersion = 16.4;
					};
					98E4215D2EACEFEE00895A41 = {
						CreatedOnToolsVersion = 16.4;
						TestTargetID = 98E421472EACEFEC00895A41;
					};
					98E421672EACEFEE00895A41 = {
						CreatedOnToolsVersion = 16.4;
						TestTargetID = 98E421472EACEFEC00895A41;
					};
				};
			};
			buildConfigurationList = 98E421432EACEFEC00895A41 /* Build configuration list for PBXProject "cryptoCheck" */;
			developmentRegion = en;
			hasScannedForEncodings = 0;
			knownRegions = (
				en,
				Base,
			);
			mainGroup = 98E4213F2EACEFEC00895A41;
			minimizedProjectReferenceProxies = 1;
			packageReferences = (
				98A1B3612EAD0C2F00398667 /* XCRemoteSwiftPackageReference "Factory" */,
				98A1B3642EAD0C5000398667 /* XCRemoteSwiftPackageReference "SwiftLintPlugins" */,
				985DDA632EAD1E160043F608 /* XCRemoteSwiftPackageReference "Alamofire" */,
				985DDA662EAD22E10043F608 /* XCRemoteSwiftPackageReference "SnapKit" */,
			);
			preferredProjectObjectVersion = 77;
			productRefGroup = 98E421492EACEFEC00895A41 /* Products */;
			projectDirPath = "";
			projectRoot = "";
			targets = (
				98E421472EACEFEC00895A41 /* cryptoCheck */,
				98E4215D2EACEFEE00895A41 /* cryptoCheckTests */,
				98E421672EACEFEE00895A41 /* cryptoCheckUITests */,
			);
		};
/* End PBXProject section */

/* Begin PBXResourcesBuildPhase section */
		98E421462EACEFEC00895A41 /* Resources */ = {
			isa = PBXResourcesBuildPhase;
			buildActionMask = 2147483647;
			files = (
			);
			runOnlyForDeploymentPostprocessing = 0;
		};
		98E4215C2EACEFEE00895A41 /* Resources */ = {
			isa = PBXResourcesBuildPhase;
			buildActionMask = 2147483647;
			files = (
			);
			runOnlyForDeploymentPostprocessing = 0;
		};
		98E421662EACEFEE00895A41 /* Resources */ = {
			isa = PBXResourcesBuildPhase;
			buildActionMask = 2147483647;
			files = (
			);
			runOnlyForDeploymentPostprocessing = 0;
		};
/* End PBXResourcesBuildPhase section */

/* Begin PBXSourcesBuildPhase section */
		98E421442EACEFEC00895A41 /* Sources */ = {
			isa = PBXSourcesBuildPhase;
			buildActionMask = 2147483647;
			files = (
			);
			runOnlyForDeploymentPostprocessing = 0;
		};
		98E4215A2EACEFEE00895A41 /* Sources */ = {
			isa = PBXSourcesBuildPhase;
			buildActionMask = 2147483647;
			files = (
			);
			runOnlyForDeploymentPostprocessing = 0;
		};
		98E421642EACEFEE00895A41 /* Sources */ = {
			isa = PBXSourcesBuildPhase;
			buildActionMask = 2147483647;
			files = (
			);
			runOnlyForDeploymentPostprocessing = 0;
		};
/* End PBXSourcesBuildPhase section */

/* Begin PBXTargetDependency section */
		98A1B3662EAD0C5A00398667 /* PBXTargetDependency */ = {
			isa = PBXTargetDependency;
			productRef = 98A1B3652EAD0C5A00398667 /* SwiftLintBuildToolPlugin */;
		};
		98E421602EACEFEE00895A41 /* PBXTargetDependency */ = {
			isa = PBXTargetDependency;
			target = 98E421472EACEFEC00895A41 /* cryptoCheck */;
			targetProxy = 98E4215F2EACEFEE00895A41 /* PBXContainerItemProxy */;
		};
		98E4216A2EACEFEE00895A41 /* PBXTargetDependency */ = {
			isa = PBXTargetDependency;
			target = 98E421472EACEFEC00895A41 /* cryptoCheck */;
			targetProxy = 98E421692EACEFEE00895A41 /* PBXContainerItemProxy */;
		};
/* End PBXTargetDependency section */

/* Begin XCBuildConfiguration section */
		98E421722EACEFEE00895A41 /* Debug */ = {
			isa = XCBuildConfiguration;
			buildSettings = {
				ASSETCATALOG_COMPILER_APPICON_NAME = AppIcon;
				ASSETCATALOG_COMPILER_GLOBAL_ACCENT_COLOR_NAME = AccentColor;
				CODE_SIGN_STYLE = Automatic;
				CURRENT_PROJECT_VERSION = 1;
				DEVELOPMENT_TEAM = HXGGE8M769;
				GENERATE_INFOPLIST_FILE = YES;
				INFOPLIST_FILE = cryptoCheck/Info.plist;
				INFOPLIST_KEY_CFBundleDisplayName = "Crypto Check";
				INFOPLIST_KEY_LSApplicationCategoryType = "public.app-category.finance";
				INFOPLIST_KEY_UIApplicationSupportsIndirectInputEvents = YES;
				INFOPLIST_KEY_UILaunchStoryboardName = LaunchScreen;
				INFOPLIST_KEY_UIMainStoryboardFile = "";
				INFOPLIST_KEY_UISupportedInterfaceOrientations_iPad = "UIInterfaceOrientationPortrait UIInterfaceOrientationPortraitUpsideDown UIInterfaceOrientationLandscapeLeft UIInterfaceOrientationLandscapeRight";
				INFOPLIST_KEY_UISupportedInterfaceOrientations_iPhone = "UIInterfaceOrientationPortrait UIInterfaceOrientationLandscapeLeft UIInterfaceOrientationLandscapeRight";
				IPHONEOS_DEPLOYMENT_TARGET = 17.6;
				LD_RUNPATH_SEARCH_PATHS = (
					"$(inherited)",
					"@executable_path/Frameworks",
				);
				MARKETING_VERSION = 1.0;
				PRODUCT_BUNDLE_IDENTIFIER = com.leoStudies.cryptoCheck;
				PRODUCT_NAME = "$(TARGET_NAME)";
				SUPPORTED_PLATFORMS = "iphoneos iphonesimulator";
				SUPPORTS_MACCATALYST = NO;
				SUPPORTS_MAC_DESIGNED_FOR_IPHONE_IPAD = NO;
				SUPPORTS_XR_DESIGNED_FOR_IPHONE_IPAD = NO;
				SWIFT_EMIT_LOC_STRINGS = YES;
				SWIFT_VERSION = 5.0;
				TARGETED_DEVICE_FAMILY = "1,2";
			};
			name = Debug;
		};
		98E421732EACEFEE00895A41 /* Release */ = {
			isa = XCBuildConfiguration;
			buildSettings = {
				ASSETCATALOG_COMPILER_APPICON_NAME = AppIcon;
				ASSETCATALOG_COMPILER_GLOBAL_ACCENT_COLOR_NAME = AccentColor;
				CODE_SIGN_STYLE = Automatic;
				CURRENT_PROJECT_VERSION = 1;
				DEVELOPMENT_TEAM = HXGGE8M769;
				GENERATE_INFOPLIST_FILE = YES;
				INFOPLIST_FILE = cryptoCheck/Info.plist;
				INFOPLIST_KEY_CFBundleDisplayName = "Crypto Check";
				INFOPLIST_KEY_LSApplicationCategoryType = "public.app-category.finance";
				INFOPLIST_KEY_UIApplicationSupportsIndirectInputEvents = YES;
				INFOPLIST_KEY_UILaunchStoryboardName = LaunchScreen;
				INFOPLIST_KEY_UIMainStoryboardFile = "";
				INFOPLIST_KEY_UISupportedInterfaceOrientations_iPad = "UIInterfaceOrientationPortrait UIInterfaceOrientationPortraitUpsideDown UIInterfaceOrientationLandscapeLeft UIInterfaceOrientationLandscapeRight";
				INFOPLIST_KEY_UISupportedInterfaceOrientations_iPhone = "UIInterfaceOrientationPortrait UIInterfaceOrientationLandscapeLeft UIInterfaceOrientationLandscapeRight";
				IPHONEOS_DEPLOYMENT_TARGET = 17.6;
				LD_RUNPATH_SEARCH_PATHS = (
					"$(inherited)",
					"@executable_path/Frameworks",
				);
				MARKETING_VERSION = 1.0;
				PRODUCT_BUNDLE_IDENTIFIER = com.leoStudies.cryptoCheck;
				PRODUCT_NAME = "$(TARGET_NAME)";
				SUPPORTED_PLATFORMS = "iphoneos iphonesimulator";
				SUPPORTS_MACCATALYST = NO;
				SUPPORTS_MAC_DESIGNED_FOR_IPHONE_IPAD = NO;
				SUPPORTS_XR_DESIGNED_FOR_IPHONE_IPAD = NO;
				SWIFT_EMIT_LOC_STRINGS = YES;
				SWIFT_VERSION = 5.0;
				TARGETED_DEVICE_FAMILY = "1,2";
			};
			name = Release;
		};
		98E421742EACEFEE00895A41 /* Debug */ = {
			isa = XCBuildConfiguration;
			buildSettings = {
				ALWAYS_SEARCH_USER_PATHS = NO;
				ASSETCATALOG_COMPILER_GENERATE_SWIFT_ASSET_SYMBOL_EXTENSIONS = YES;
				CLANG_ANALYZER_NONNULL = YES;
				CLANG_ANALYZER_NUMBER_OBJECT_CONVERSION = YES_AGGRESSIVE;
				CLANG_CXX_LANGUAGE_STANDARD = "gnu++20";
				CLANG_ENABLE_MODULES = YES;
				CLANG_ENABLE_OBJC_ARC = YES;
				CLANG_ENABLE_OBJC_WEAK = YES;
				CLANG_WARN_BLOCK_CAPTURE_AUTORELEASING = YES;
				CLANG_WARN_BOOL_CONVERSION = YES;
				CLANG_WARN_COMMA = YES;
				CLANG_WARN_CONSTANT_CONVERSION = YES;
				CLANG_WARN_DEPRECATED_OBJC_IMPLEMENTATIONS = YES;
				CLANG_WARN_DIRECT_OBJC_ISA_USAGE = YES_ERROR;
				CLANG_WARN_DOCUMENTATION_COMMENTS = YES;
				CLANG_WARN_EMPTY_BODY = YES;
				CLANG_WARN_ENUM_CONVERSION = YES;
				CLANG_WARN_INFINITE_RECURSION = YES;
				CLANG_WARN_INT_CONVERSION = YES;
				CLANG_WARN_NON_LITERAL_NULL_CONVERSION = YES;
				CLANG_WARN_OBJC_IMPLICIT_RETAIN_SELF = YES;
				CLANG_WARN_OBJC_LITERAL_CONVERSION = YES;
				CLANG_WARN_OBJC_ROOT_CLASS = YES_ERROR;
				CLANG_WARN_QUOTED_INCLUDE_IN_FRAMEWORK_HEADER = YES;
				CLANG_WARN_RANGE_LOOP_ANALYSIS = YES;
				CLANG_WARN_STRICT_PROTOTYPES = YES;
				CLANG_WARN_SUSPICIOUS_MOVE = YES;
				CLANG_WARN_UNGUARDED_AVAILABILITY = YES_AGGRESSIVE;
				CLANG_WARN_UNREACHABLE_CODE = YES;
				CLANG_WARN__DUPLICATE_METHOD_MATCH = YES;
				COPY_PHASE_STRIP = NO;
				DEBUG_INFORMATION_FORMAT = dwarf;
				DEVELOPMENT_TEAM = HXGGE8M769;
				ENABLE_STRICT_OBJC_MSGSEND = YES;
				ENABLE_TESTABILITY = YES;
				ENABLE_USER_SCRIPT_SANDBOXING = YES;
				GCC_C_LANGUAGE_STANDARD = gnu17;
				GCC_DYNAMIC_NO_PIC = NO;
				GCC_NO_COMMON_BLOCKS = YES;
				GCC_OPTIMIZATION_LEVEL = 0;
				GCC_PREPROCESSOR_DEFINITIONS = (
					"DEBUG=1",
					"$(inherited)",
				);
				GCC_WARN_64_TO_32_BIT_CONVERSION = YES;
				GCC_WARN_ABOUT_RETURN_TYPE = YES_ERROR;
				GCC_WARN_UNDECLARED_SELECTOR = YES;
				GCC_WARN_UNINITIALIZED_AUTOS = YES_AGGRESSIVE;
				GCC_WARN_UNUSED_FUNCTION = YES;
				GCC_WARN_UNUSED_VARIABLE = YES;
				IPHONEOS_DEPLOYMENT_TARGET = 18.5;
				LOCALIZATION_PREFERS_STRING_CATALOGS = YES;
				MTL_ENABLE_DEBUG_INFO = INCLUDE_SOURCE;
				MTL_FAST_MATH = YES;
				ONLY_ACTIVE_ARCH = YES;
				SDKROOT = iphoneos;
				SWIFT_ACTIVE_COMPILATION_CONDITIONS = "DEBUG $(inherited)";
				SWIFT_OPTIMIZATION_LEVEL = "-Onone";
			};
			name = Debug;
		};
		98E421752EACEFEE00895A41 /* Release */ = {
			isa = XCBuildConfiguration;
			buildSettings = {
				ALWAYS_SEARCH_USER_PATHS = NO;
				ASSETCATALOG_COMPILER_GENERATE_SWIFT_ASSET_SYMBOL_EXTENSIONS = YES;
				CLANG_ANALYZER_NONNULL = YES;
				CLANG_ANALYZER_NUMBER_OBJECT_CONVERSION = YES_AGGRESSIVE;
				CLANG_CXX_LANGUAGE_STANDARD = "gnu++20";
				CLANG_ENABLE_MODULES = YES;
				CLANG_ENABLE_OBJC_ARC = YES;
				CLANG_ENABLE_OBJC_WEAK = YES;
				CLANG_WARN_BLOCK_CAPTURE_AUTORELEASING = YES;
				CLANG_WARN_BOOL_CONVERSION = YES;
				CLANG_WARN_COMMA = YES;
				CLANG_WARN_CONSTANT_CONVERSION = YES;
				CLANG_WARN_DEPRECATED_OBJC_IMPLEMENTATIONS = YES;
				CLANG_WARN_DIRECT_OBJC_ISA_USAGE = YES_ERROR;
				CLANG_WARN_DOCUMENTATION_COMMENTS = YES;
				CLANG_WARN_EMPTY_BODY = YES;
				CLANG_WARN_ENUM_CONVERSION = YES;
				CLANG_WARN_INFINITE_RECURSION = YES;
				CLANG_WARN_INT_CONVERSION = YES;
				CLANG_WARN_NON_LITERAL_NULL_CONVERSION = YES;
				CLANG_WARN_OBJC_IMPLICIT_RETAIN_SELF = YES;
				CLANG_WARN_OBJC_LITERAL_CONVERSION = YES;
				CLANG_WARN_OBJC_ROOT_CLASS = YES_ERROR;
				CLANG_WARN_QUOTED_INCLUDE_IN_FRAMEWORK_HEADER = YES;
				CLANG_WARN_RANGE_LOOP_ANALYSIS = YES;
				CLANG_WARN_STRICT_PROTOTYPES = YES;
				CLANG_WARN_SUSPICIOUS_MOVE = YES;
				CLANG_WARN_UNGUARDED_AVAILABILITY = YES_AGGRESSIVE;
				CLANG_WARN_UNREACHABLE_CODE = YES;
				CLANG_WARN__DUPLICATE_METHOD_MATCH = YES;
				COPY_PHASE_STRIP = NO;
				DEBUG_INFORMATION_FORMAT = "dwarf-with-dsym";
				DEVELOPMENT_TEAM = HXGGE8M769;
				ENABLE_NS_ASSERTIONS = NO;
				ENABLE_STRICT_OBJC_MSGSEND = YES;
				ENABLE_USER_SCRIPT_SANDBOXING = YES;
				GCC_C_LANGUAGE_STANDARD = gnu17;
				GCC_NO_COMMON_BLOCKS = YES;
				GCC_WARN_64_TO_32_BIT_CONVERSION = YES;
				GCC_WARN_ABOUT_RETURN_TYPE = YES_ERROR;
				GCC_WARN_UNDECLARED_SELECTOR = YES;
				GCC_WARN_UNINITIALIZED_AUTOS = YES_AGGRESSIVE;
				GCC_WARN_UNUSED_FUNCTION = YES;
				GCC_WARN_UNUSED_VARIABLE = YES;
				IPHONEOS_DEPLOYMENT_TARGET = 18.5;
				LOCALIZATION_PREFERS_STRING_CATALOGS = YES;
				MTL_ENABLE_DEBUG_INFO = NO;
				MTL_FAST_MATH = YES;
				SDKROOT = iphoneos;
				SWIFT_COMPILATION_MODE = wholemodule;
				VALIDATE_PRODUCT = YES;
			};
			name = Release;
		};
		98E421772EACEFEE00895A41 /* Debug */ = {
			isa = XCBuildConfiguration;
			buildSettings = {
				BUNDLE_LOADER = "$(TEST_HOST)";
				CODE_SIGN_STYLE = Automatic;
				CURRENT_PROJECT_VERSION = 1;
				DEVELOPMENT_TEAM = HXGGE8M769;
				GENERATE_INFOPLIST_FILE = YES;
				IPHONEOS_DEPLOYMENT_TARGET = 18.5;
				MARKETING_VERSION = 1.0;
				PRODUCT_BUNDLE_IDENTIFIER = com.leoStudies.cryptoCheckTests;
				PRODUCT_NAME = "$(TARGET_NAME)";
				SWIFT_EMIT_LOC_STRINGS = NO;
				SWIFT_VERSION = 5.0;
				TARGETED_DEVICE_FAMILY = "1,2";
				TEST_HOST = "$(BUILT_PRODUCTS_DIR)/cryptoCheck.app/$(BUNDLE_EXECUTABLE_FOLDER_PATH)/cryptoCheck";
			};
			name = Debug;
		};
		98E421782EACEFEE00895A41 /* Release */ = {
			isa = XCBuildConfiguration;
			buildSettings = {
				BUNDLE_LOADER = "$(TEST_HOST)";
				CODE_SIGN_STYLE = Automatic;
				CURRENT_PROJECT_VERSION = 1;
				DEVELOPMENT_TEAM = HXGGE8M769;
				GENERATE_INFOPLIST_FILE = YES;
				IPHONEOS_DEPLOYMENT_TARGET = 18.5;
				MARKETING_VERSION = 1.0;
				PRODUCT_BUNDLE_IDENTIFIER = com.leoStudies.cryptoCheckTests;
				PRODUCT_NAME = "$(TARGET_NAME)";
				SWIFT_EMIT_LOC_STRINGS = NO;
				SWIFT_VERSION = 5.0;
				TARGETED_DEVICE_FAMILY = "1,2";
				TEST_HOST = "$(BUILT_PRODUCTS_DIR)/cryptoCheck.app/$(BUNDLE_EXECUTABLE_FOLDER_PATH)/cryptoCheck";
			};
			name = Release;
		};
		98E4217A2EACEFEE00895A41 /* Debug */ = {
			isa = XCBuildConfiguration;
			buildSettings = {
				CODE_SIGN_STYLE = Automatic;
				CURRENT_PROJECT_VERSION = 1;
				DEVELOPMENT_TEAM = HXGGE8M769;
				GENERATE_INFOPLIST_FILE = YES;
				MARKETING_VERSION = 1.0;
				PRODUCT_BUNDLE_IDENTIFIER = com.leoStudies.cryptoCheckUITests;
				PRODUCT_NAME = "$(TARGET_NAME)";
				SWIFT_EMIT_LOC_STRINGS = NO;
				SWIFT_VERSION = 5.0;
				TARGETED_DEVICE_FAMILY = "1,2";
				TEST_TARGET_NAME = cryptoCheck;
			};
			name = Debug;
		};
		98E4217B2EACEFEE00895A41 /* Release */ = {
			isa = XCBuildConfiguration;
			buildSettings = {
				CODE_SIGN_STYLE = Automatic;
				CURRENT_PROJECT_VERSION = 1;
				DEVELOPMENT_TEAM = HXGGE8M769;
				GENERATE_INFOPLIST_FILE = YES;
				MARKETING_VERSION = 1.0;
				PRODUCT_BUNDLE_IDENTIFIER = com.leoStudies.cryptoCheckUITests;
				PRODUCT_NAME = "$(TARGET_NAME)";
				SWIFT_EMIT_LOC_STRINGS = NO;
				SWIFT_VERSION = 5.0;
				TARGETED_DEVICE_FAMILY = "1,2";
				TEST_TARGET_NAME = cryptoCheck;
			};
			name = Release;
		};
/* End XCBuildConfiguration section */

/* Begin XCConfigurationList section */
		98E421432EACEFEC00895A41 /* Build configuration list for PBXProject "cryptoCheck" */ = {
			isa = XCConfigurationList;
			buildConfigurations = (
				98E421742EACEFEE00895A41 /* Debug */,
				98E421752EACEFEE00895A41 /* Release */,
			);
			defaultConfigurationIsVisible = 0;
			defaultConfigurationName = Release;
		};
		98E421712EACEFEE00895A41 /* Build configuration list for PBXNativeTarget "cryptoCheck" */ = {
			isa = XCConfigurationList;
			buildConfigurations = (
				98E421722EACEFEE00895A41 /* Debug */,
				98E421732EACEFEE00895A41 /* Release */,
			);
			defaultConfigurationIsVisible = 0;
			defaultConfigurationName = Release;
		};
		98E421762EACEFEE00895A41 /* Build configuration list for PBXNativeTarget "cryptoCheckTests" */ = {
			isa = XCConfigurationList;
			buildConfigurations = (
				98E421772EACEFEE00895A41 /* Debug */,
				98E421782EACEFEE00895A41 /* Release */,
			);
			defaultConfigurationIsVisible = 0;
			defaultConfigurationName = Release;
		};
		98E421792EACEFEE00895A41 /* Build configuration list for PBXNativeTarget "cryptoCheckUITests" */ = {
			isa = XCConfigurationList;
			buildConfigurations = (
				98E4217A2EACEFEE00895A41 /* Debug */,
				98E4217B2EACEFEE00895A41 /* Release */,
			);
			defaultConfigurationIsVisible = 0;
			defaultConfigurationName = Release;
		};
/* End XCConfigurationList section */

/* Begin XCRemoteSwiftPackageReference section */
		985DDA632EAD1E160043F608 /* XCRemoteSwiftPackageReference "Alamofire" */ = {
			isa = XCRemoteSwiftPackageReference;
			repositoryURL = "https://github.com/Alamofire/Alamofire";
			requirement = {
				kind = upToNextMajorVersion;
				minimumVersion = 5.10.2;
			};
		};
		985DDA662EAD22E10043F608 /* XCRemoteSwiftPackageReference "SnapKit" */ = {
			isa = XCRemoteSwiftPackageReference;
			repositoryURL = "https://github.com/SnapKit/SnapKit";
			requirement = {
				kind = upToNextMajorVersion;
				minimumVersion = 5.7.1;
			};
		};
		98A1B3612EAD0C2F00398667 /* XCRemoteSwiftPackageReference "Factory" */ = {
			isa = XCRemoteSwiftPackageReference;
			repositoryURL = "https://github.com/hmlongco/Factory.git";
			requirement = {
				kind = upToNextMajorVersion;
				minimumVersion = 2.5.3;
			};
		};
		98A1B3642EAD0C5000398667 /* XCRemoteSwiftPackageReference "SwiftLintPlugins" */ = {
			isa = XCRemoteSwiftPackageReference;
			repositoryURL = "https://github.com/SimplyDanny/SwiftLintPlugins";
			requirement = {
				kind = upToNextMajorVersion;
				minimumVersion = 0.62.1;
			};
		};
/* End XCRemoteSwiftPackageReference section */

/* Begin XCSwiftPackageProductDependency section */
		985DDA642EAD1E160043F608 /* Alamofire */ = {
			isa = XCSwiftPackageProductDependency;
			package = 985DDA632EAD1E160043F608 /* XCRemoteSwiftPackageReference "Alamofire" */;
			productName = Alamofire;
		};
		985DDA672EAD22E10043F608 /* SnapKit */ = {
			isa = XCSwiftPackageProductDependency;
			package = 985DDA662EAD22E10043F608 /* XCRemoteSwiftPackageReference "SnapKit" */;
			productName = SnapKit;
		};
		98A1B3622EAD0C2F00398667 /* Factory */ = {
			isa = XCSwiftPackageProductDependency;
			package = 98A1B3612EAD0C2F00398667 /* XCRemoteSwiftPackageReference "Factory" */;
			productName = Factory;
		};
		98A1B3652EAD0C5A00398667 /* SwiftLintBuildToolPlugin */ = {
			isa = XCSwiftPackageProductDependency;
			package = 98A1B3642EAD0C5000398667 /* XCRemoteSwiftPackageReference "SwiftLintPlugins" */;
			productName = "plugin:SwiftLintBuildToolPlugin";
		};
/* End XCSwiftPackageProductDependency section */
	};
	rootObject = 98E421402EACEFEC00895A41 /* Project object */;
}
